
Microsoft Visual Studio Solution File, Format Version 12.00
# Visual Studio Version 17
VisualStudioVersion = 17.14.36429.23 d17.14
MinimumVisualStudioVersion = 10.0.40219.1
Project("{8BC9CEB8-8B4A-11D0-8D11-00A0C91BC942}") = "ParallelProgramming", "ParallelProgramming.vcxproj", "{2461F2C8-180A-4ACA-90E5-5A7154B01B4F}"
EndProject
Global
	GlobalSection(SolutionConfigurationPlatforms) = preSolution
		Debug|x64 = Debug|x64
		Debug|x86 = Debug|x86
		Release|x64 = Release|x64
		Release|x86 = Release|x86
	EndGlobalSection
	GlobalSection(ProjectConfigurationPlatforms) = postSolution
		{2461F2C8-180A-4ACA-90E5-5A7154B01B4F}.Debug|x64.ActiveCfg = Debug|x64
		{2461F2C8-180A-4ACA-90E5-5A7154B01B4F}.Debug|x64.Build.0 = Debug|x64
		{2461F2C8-180A-4ACA-90E5-5A7154B01B4F}.Debug|x86.ActiveCfg = Debug|Win32
		{2461F2C8-180A-4ACA-90E5-5A7154B01B4F}.Debug|x86.Build.0 = Debug|Win32
		{2461F2C8-180A-4ACA-90E5-5A7154B01B4F}.Release|x64.ActiveCfg = Release|x64
		{2461F2C8-180A-4ACA-90E5-5A7154B01B4F}.Release|x64.Build.0 = Release|x64
		{2461F2C8-180A-4ACA-90E5-5A7154B01B4F}.Release|x86.ActiveCfg = Release|Win32
		{2461F2C8-180A-4ACA-90E5-5A7154B01B4F}.Release|x86.Build.0 = Release|Win32
	EndGlobalSection
	GlobalSection(SolutionProperties) = preSolution
		HideSolutionNode = FALSE
	EndGlobalSection
	GlobalSection(ExtensibilityGlobals) = postSolution
		SolutionGuid = {30BBA101-1B91-4D59-B2B5-236DC5C2F4E0}
	EndGlobalSection
EndGlobal
